dependencies:
- name: common
  repository: https://accelleran.github.io/helm-charts/
  version: 0.3.8
- name: nats
  repository: https://nats-io.github.io/k8s/helm/charts/
  version: 1.2.4
- name: redis
  repository: https://charts.bitnami.com/bitnami/
  version: 20.1.4
digest: sha256:e4a5f392fb856f106c68fa9d4c69b3b874529b6f0e1f92c771fe83822fab659f
generated: "2024-09-19T10:37:26.322250364Z"
