dependencies:
- name: common
  repository: https://accelleran.github.io/helm-charts/
  version: 0.4.1
- name: nats
  repository: https://nats-io.github.io/k8s/helm/charts/
  version: 1.2.10
- name: redis
  repository: https://charts.bitnami.com/bitnami/
  version: 20.7.1
digest: sha256:47cee838eea38fab4abbb529fd4c4e2e26eb40587583eba082b4cdcb480d67ef
generated: "2025-02-20T14:33:19.928268734Z"
