dependencies:
- name: common
  repository: https://accelleran.github.io/helm-charts/
  version: 0.3.13
- name: nats
  repository: https://nats-io.github.io/k8s/helm/charts/
  version: 1.2.10
- name: redis
  repository: https://charts.bitnami.com/bitnami/
  version: 20.6.3
digest: sha256:15b64a4e682b351b571312b15b26a6af2cab35fd7b0ddc4eae3623d74fbd7e5d
generated: "2025-01-24T20:30:41.934717228Z"
