dependencies:
- name: common
  repository: https://accelleran.github.io/helm-charts/
  version: 0.3.1
- name: dashboard
  repository: file://charts/dashboard
  version: 6.0.0
- name: network-state-monitor
  repository: file://charts/network-state-monitor
  version: 0.2.0
- name: service-monitor
  repository: file://charts/service-monitor
  version: 2.0.0
- name: service-orchestrator
  repository: file://charts/service-orchestrator
  version: 2.0.0
- name: config-api
  repository: file://charts/config-api
  version: 3.0.0
- name: cell-wrapper
  repository: https://accelleran.github.io/helm-charts/
  version: 4.0.2
- name: du-metrics-server
  repository: https://accelleran.github.io/helm-charts/
  version: 0.2.1
- name: e2-t
  repository: file://charts/e2-t
  version: 2.0.0
- name: pm-counters
  repository: file://charts/pm-counters
  version: 2.0.0
- name: golang-nkafka
  repository: file://charts/golang-nkafka
  version: 2.0.1
- name: grafana
  repository: https://grafana.github.io/helm-charts
  version: 8.0.2
- name: prometheus
  repository: https://prometheus-community.github.io/helm-charts
  version: 25.21.0
- name: loki-stack
  repository: https://grafana.github.io/helm-charts
  version: 2.10.2
- name: influxdb
  repository: https://helm.influxdata.com/
  version: 4.12.5
- name: vector
  repository: https://helm.vector.dev
  version: 0.34.0
- name: kminion
  repository: https://charts.redpanda.com
  version: 0.13.0
- name: kafka
  repository: https://charts.bitnami.com/bitnami/
  version: 29.3.3
- name: nats
  repository: https://nats-io.github.io/k8s/helm/charts/
  version: 1.1.12
- name: redis
  repository: https://charts.bitnami.com/bitnami/
  version: 19.5.4
digest: sha256:c59a92b7ac552a231235251a31e8972271bdaa15f51804682f1d07e1ef95bb04
generated: "2024-06-17T18:21:12.180320461Z"
