dependencies:
- name: common
  repository: https://accelleran.github.io/helm-charts/
  version: 0.3.8
- name: dashboard
  repository: file://charts/dashboard
  version: 6.0.0
- name: network-state-monitor
  repository: file://charts/network-state-monitor
  version: 0.2.0
- name: service-monitor
  repository: file://charts/service-monitor
  version: 2.0.0
- name: service-orchestrator
  repository: file://charts/service-orchestrator
  version: 2.0.0
- name: config-api
  repository: file://charts/config-api
  version: 3.0.0
- name: cell-wrapper
  repository: https://accelleran.github.io/helm-charts/
  version: 5.0.1
- name: du-metrics-server
  repository: https://accelleran.github.io/helm-charts/
  version: 0.2.1
- name: telemetry-collector
  repository: https://accelleran.github.io/helm-charts/
  version: 1.1.0
- name: e2-t
  repository: file://charts/e2-t
  version: 2.0.0
- name: pm-counters
  repository: file://charts/pm-counters
  version: 2.0.0
- name: golang-nkafka
  repository: file://charts/golang-nkafka
  version: 2.0.1
- name: grafana
  repository: https://grafana.github.io/helm-charts
  version: 8.5.1
- name: prometheus
  repository: https://prometheus-community.github.io/helm-charts
  version: 25.27.0
- name: grafana-loki
  repository: https://charts.bitnami.com/bitnami/
  version: 4.6.16
- name: loki-gateway
  repository: https://accelleran.github.io/helm-charts/
  version: 0.1.1
- name: promtail
  repository: https://accelleran.github.io/helm-charts/
  version: 6.17.1
- name: promtail
  repository: https://accelleran.github.io/helm-charts/
  version: 6.17.1
- name: influxdb
  repository: https://helm.influxdata.com/
  version: 4.12.5
- name: influxdb2
  repository: https://helm.influxdata.com/
  version: 2.1.2
- name: vector
  repository: https://helm.vector.dev
  version: 0.36.1
- name: kminion
  repository: https://charts.redpanda.com
  version: 0.14.0
- name: kafka
  repository: https://charts.bitnami.com/bitnami/
  version: 30.1.1
- name: nats
  repository: https://nats-io.github.io/k8s/helm/charts/
  version: 1.2.4
- name: redis
  repository: https://charts.bitnami.com/bitnami/
  version: 20.1.3
digest: sha256:e01780bad590736f90ce502cc8e7ed2db357b8c8b10401f7b036c88351ced0ab
generated: "2024-09-16T15:55:45.351085353Z"
