dependencies:
- name: common
  repository: https://accelleran.github.io/helm-charts/
  version: 0.3.13
- name: dashboard
  repository: file://charts/dashboard
  version: 6.0.0
- name: network-state-monitor
  repository: file://charts/network-state-monitor
  version: 0.2.0
- name: service-monitor
  repository: file://charts/service-monitor
  version: 2.0.0
- name: service-orchestrator
  repository: file://charts/service-orchestrator
  version: 2.0.0
- name: config-api
  repository: file://charts/config-api
  version: 3.0.0
- name: cell-wrapper
  repository: https://accelleran.github.io/helm-charts/
  version: 6.1.2
- name: du-metrics-server
  repository: https://accelleran.github.io/helm-charts/
  version: 0.4.7
- name: telemetry-collector
  repository: https://accelleran.github.io/helm-charts/
  version: 1.1.11
- name: e2-t
  repository: file://charts/e2-t
  version: 2.0.0
- name: pm-counters
  repository: file://charts/pm-counters
  version: 2.0.0
- name: golang-nkafka
  repository: file://charts/golang-nkafka
  version: 2.0.1
- name: ingress-nginx
  repository: https://kubernetes.github.io/ingress-nginx
  version: 4.12.0
- name: oauth2-proxy
  repository: https://oauth2-proxy.github.io/manifests
  version: 7.10.2
- name: keycloak
  repository: https://charts.bitnami.com/bitnami/
  version: 24.4.4
- name: grafana
  repository: https://grafana.github.io/helm-charts
  version: 8.10.0
- name: prometheus
  repository: https://prometheus-community.github.io/helm-charts
  version: 27.3.1
- name: loki-gateway
  repository: https://accelleran.github.io/helm-charts/
  version: 0.1.9
- name: grafana-loki
  repository: https://charts.bitnami.com/bitnami/
  version: 4.7.4
- name: loki-deleter
  repository: https://accelleran.github.io/helm-charts/
  version: 0.1.5
- name: minio
  repository: https://charts.min.io/
  version: 5.4.0
- name: promtail
  repository: https://grafana.github.io/helm-charts/
  version: 6.16.6
- name: promtail
  repository: https://grafana.github.io/helm-charts/
  version: 6.16.6
- name: influxdb2
  repository: https://helm.influxdata.com/
  version: 2.1.2
- name: kminion
  repository: https://charts.redpanda.com
  version: 0.14.1
- name: kafka
  repository: https://charts.bitnami.com/bitnami/
  version: 31.3.1
- name: nats
  repository: https://nats-io.github.io/k8s/helm/charts/
  version: 1.2.10
- name: redis
  repository: https://charts.bitnami.com/bitnami/
  version: 20.7.1
digest: sha256:426804b83d20bc39eba29ffd44cc4d36c9316f1b70054500e79d1a3b7e61f700
generated: "2025-02-18T10:37:51.453405865+01:00"
