dependencies:
- name: common
  repository: https://accelleran.github.io/helm-charts/
  version: 0.3.11
- name: nats
  repository: https://nats-io.github.io/k8s/helm/charts/
  version: 1.2.6
digest: sha256:b08b8a966c6736cc7a6fdb80b0cde3ea0d1e801da112d0372f9cb87b9eba3af3
generated: "2024-11-25T14:20:23.081578664Z"
