dependencies:
- name: common
  repository: https://accelleran.github.io/helm-charts/
  version: 0.3.3
- name: nats
  repository: https://nats-io.github.io/k8s/helm/charts/
  version: 1.2.1
- name: redis
  repository: https://charts.bitnami.com/bitnami/
  version: 19.6.3
digest: sha256:27eb80093fcabd80012ddc4b37f4b11a119a43702747a9dd7785c174654c33d1
generated: "2024-07-24T16:27:19.656222536Z"
