dependencies:
- name: common
  repository: https://accelleran.github.io/helm-charts/
  version: 0.5.0
- name: nats
  repository: https://nats-io.github.io/k8s/helm/charts/
  version: 1.3.6
- name: redis
  repository: https://charts.bitnami.com/bitnami/
  version: 21.0.2
digest: sha256:b934ee6784f0eb1b2c8f232a91279c098c814e1bdd2849b3a969ecd3ee2eea36
generated: "2025-05-08T10:58:13.806046382Z"
