dependencies:
- name: common
  repository: https://accelleran.github.io/helm-charts/
  version: 0.3.13
- name: nats
  repository: https://nats-io.github.io/k8s/helm/charts/
  version: 1.2.10
- name: redis
  repository: https://charts.bitnami.com/bitnami/
  version: 20.10.0
digest: sha256:8b8017d547d4de2b9f02d6fad71496d4783911cd8cc2e2956fd91e90cd076db3
generated: "2025-02-27T12:13:41.717968656Z"
