dependencies:
- name: common
  repository: https://accelleran.github.io/helm-charts/
  version: 0.3.8
- name: nats
  repository: https://nats-io.github.io/k8s/helm/charts/
  version: 1.2.4
digest: sha256:5c2ec755afb59303d4d3899dcd3afbaa9e286311a2c98345baedc083b206a0a9
generated: "2024-09-11T12:17:16.246070873+02:00"
