dependencies:
- name: common
  repository: https://accelleran.github.io/helm-charts/
  version: 0.3.1
- name: nats
  repository: https://nats-io.github.io/k8s/helm/charts/
  version: 1.2.0
- name: redis
  repository: https://charts.bitnami.com/bitnami/
  version: 19.6.1
digest: sha256:4f28bd492b61f3ca6433cbaf5c2cdf8647f9c98af9bfa47c4c1ca002c824dac3
generated: "2024-07-03T08:11:27.477460554Z"
